// !$*UTF8*$!
{
	archiveVersion = 1;
	classes = {
	};
	objectVersion = 46;
	objects = {

/* Begin PBXBuildFile section */
		180ED85B5E8A7DBFCA2138ED /* libPods.a in Frameworks */ = {isa = PBXBuildFile; fileRef = ABA8A8818906D0369BF0CA0A /* libPods.a */; };
		2D542D7B1B6E165600B5AA8A /* MarkerViewModel.swift in Sources */ = {isa = PBXBuildFile; fileRef = 2D542D7A1B6E165600B5AA8A /* MarkerViewModel.swift */; };
		2D542D7D1B6E165B00B5AA8A /* MapViewModel.swift in Sources */ = {isa = PBXBuildFile; fileRef = 2D542D7C1B6E165B00B5AA8A /* MapViewModel.swift */; };
		2D542D7F1B6E166200B5AA8A /* MapViewController.swift in Sources */ = {isa = PBXBuildFile; fileRef = 2D542D7E1B6E166200B5AA8A /* MapViewController.swift */; };
		2D542D821B6E166E00B5AA8A /* MapRepository.swift in Sources */ = {isa = PBXBuildFile; fileRef = 2D542D801B6E166E00B5AA8A /* MapRepository.swift */; };
		2D542D831B6E166E00B5AA8A /* Repository.swift in Sources */ = {isa = PBXBuildFile; fileRef = 2D542D811B6E166E00B5AA8A /* Repository.swift */; };
		2D542D871B6E1C6D00B5AA8A /* UserViewModel.swift in Sources */ = {isa = PBXBuildFile; fileRef = 2D542D861B6E1C6D00B5AA8A /* UserViewModel.swift */; };
		2D542D891B6E1F1700B5AA8A /* Localizable.strings in Resources */ = {isa = PBXBuildFile; fileRef = 2D542D881B6E1F1700B5AA8A /* Localizable.strings */; };
		2D6439EA1B6D26E600C66216 /* Assets.xcassets in Resources */ = {isa = PBXBuildFile; fileRef = 2D6439E91B6D26E600C66216 /* Assets.xcassets */; };
		2D6439F81B6D26E600C66216 /* MeeterTests.swift in Sources */ = {isa = PBXBuildFile; fileRef = 2D6439F71B6D26E600C66216 /* MeeterTests.swift */; };
		2D643A0C1B6D2B9800C66216 /* AppDelegate.swift in Sources */ = {isa = PBXBuildFile; fileRef = 2D643A0B1B6D2B9800C66216 /* AppDelegate.swift */; };
		74D20E4E731F6235E4423713 /* (null) in Frameworks */ = {isa = PBXBuildFile; };
		B972F07C1B6D305300696DCC /* Main.Storyboard in Resources */ = {isa = PBXBuildFile; fileRef = B972F07B1B6D305300696DCC /* Main.Storyboard */; };
		B972F07E1B6D344800696DCC /* LoginViewController.swift in Sources */ = {isa = PBXBuildFile; fileRef = B972F07D1B6D344800696DCC /* LoginViewController.swift */; };
		B972F0841B6D4A0E00696DCC /* LoginViewModel.swift in Sources */ = {isa = PBXBuildFile; fileRef = B972F0831B6D4A0E00696DCC /* LoginViewModel.swift */; };
		B972F0891B6D7FB200696DCC /* User.swift in Sources */ = {isa = PBXBuildFile; fileRef = B972F0881B6D7FB200696DCC /* User.swift */; };
		B9F166ED1B6D92C0005DB5AA /* FacebookRepository.swift in Sources */ = {isa = PBXBuildFile; fileRef = B9F166EC1B6D92C0005DB5AA /* FacebookRepository.swift */; };
		B9F166EF1B6DA092005DB5AA /* LoginRepository.swift in Sources */ = {isa = PBXBuildFile; fileRef = B9F166EE1B6DA092005DB5AA /* LoginRepository.swift */; };
		F4ADD71C1B6D41E1003F423C /* ParseService.swift in Sources */ = {isa = PBXBuildFile; fileRef = F4ADD71B1B6D41E1003F423C /* ParseService.swift */; };
		F4ADD71E1B6D4EBA003F423C /* AudioToolbox.framework in Frameworks */ = {isa = PBXBuildFile; fileRef = F4ADD71D1B6D4EBA003F423C /* AudioToolbox.framework */; };
		F4ADD7201B6D4EC5003F423C /* CFNetwork.framework in Frameworks */ = {isa = PBXBuildFile; fileRef = F4ADD71F1B6D4EC5003F423C /* CFNetwork.framework */; };
		F4ADD7221B6D4ECC003F423C /* CoreGraphics.framework in Frameworks */ = {isa = PBXBuildFile; fileRef = F4ADD7211B6D4ECC003F423C /* CoreGraphics.framework */; };
		F4ADD7241B6D4ED5003F423C /* CoreLocation.framework in Frameworks */ = {isa = PBXBuildFile; fileRef = F4ADD7231B6D4ED5003F423C /* CoreLocation.framework */; };
		F4ADD7261B6D4EE4003F423C /* QuartzCore.framework in Frameworks */ = {isa = PBXBuildFile; fileRef = F4ADD7251B6D4EE4003F423C /* QuartzCore.framework */; };
		F4ADD7281B6D4F14003F423C /* Security.framework in Frameworks */ = {isa = PBXBuildFile; fileRef = F4ADD7271B6D4F14003F423C /* Security.framework */; };
		F4ADD72A1B6D4F1C003F423C /* StoreKit.framework in Frameworks */ = {isa = PBXBuildFile; fileRef = F4ADD7291B6D4F1C003F423C /* StoreKit.framework */; };
		F4ADD72C1B6D4F2B003F423C /* SystemConfiguration.framework in Frameworks */ = {isa = PBXBuildFile; fileRef = F4ADD72B1B6D4F2B003F423C /* SystemConfiguration.framework */; };
		F4ADD72E1B6D4F50003F423C /* libsqlite3.tbd in Frameworks */ = {isa = PBXBuildFile; fileRef = F4ADD72D1B6D4F50003F423C /* libsqlite3.tbd */; };
		F4ADD7301B6D4F5A003F423C /* libz.tbd in Frameworks */ = {isa = PBXBuildFile; fileRef = F4ADD72F1B6D4F5A003F423C /* libz.tbd */; };
		F4ADD7321B6D4F64003F423C /* Accounts.framework in Frameworks */ = {isa = PBXBuildFile; fileRef = F4ADD7311B6D4F64003F423C /* Accounts.framework */; };
		F4ADD7341B6D4F6B003F423C /* Social.framework in Frameworks */ = {isa = PBXBuildFile; fileRef = F4ADD7331B6D4F6B003F423C /* Social.framework */; };
/* End PBXBuildFile section */

/* Begin PBXContainerItemProxy section */
		2D6439F41B6D26E600C66216 /* PBXContainerItemProxy */ = {
			isa = PBXContainerItemProxy;
			containerPortal = 2D6439D71B6D26E600C66216 /* Project object */;
			proxyType = 1;
			remoteGlobalIDString = 2D6439DE1B6D26E600C66216;
			remoteInfo = Meeter;
		};
/* End PBXContainerItemProxy section */

/* Begin PBXFileReference section */
		2D542D7A1B6E165600B5AA8A /* MarkerViewModel.swift */ = {isa = PBXFileReference; fileEncoding = 4; lastKnownFileType = sourcecode.swift; path = MarkerViewModel.swift; sourceTree = "<group>"; };
		2D542D7C1B6E165B00B5AA8A /* MapViewModel.swift */ = {isa = PBXFileReference; fileEncoding = 4; lastKnownFileType = sourcecode.swift; path = MapViewModel.swift; sourceTree = "<group>"; };
		2D542D7E1B6E166200B5AA8A /* MapViewController.swift */ = {isa = PBXFileReference; fileEncoding = 4; lastKnownFileType = sourcecode.swift; path = MapViewController.swift; sourceTree = "<group>"; };
		2D542D801B6E166E00B5AA8A /* MapRepository.swift */ = {isa = PBXFileReference; fileEncoding = 4; lastKnownFileType = sourcecode.swift; path = MapRepository.swift; sourceTree = "<group>"; };
		2D542D811B6E166E00B5AA8A /* Repository.swift */ = {isa = PBXFileReference; fileEncoding = 4; lastKnownFileType = sourcecode.swift; path = Repository.swift; sourceTree = "<group>"; };
		2D542D861B6E1C6D00B5AA8A /* UserViewModel.swift */ = {isa = PBXFileReference; fileEncoding = 4; lastKnownFileType = sourcecode.swift; path = UserViewModel.swift; sourceTree = "<group>"; };
		2D542D881B6E1F1700B5AA8A /* Localizable.strings */ = {isa = PBXFileReference; fileEncoding = 4; lastKnownFileType = text.plist.strings; path = Localizable.strings; sourceTree = "<group>"; };
		2D6439DF1B6D26E600C66216 /* Together.app */ = {isa = PBXFileReference; explicitFileType = wrapper.application; includeInIndex = 0; path = Together.app; sourceTree = BUILT_PRODUCTS_DIR; };
		2D6439E91B6D26E600C66216 /* Assets.xcassets */ = {isa = PBXFileReference; lastKnownFileType = folder.assetcatalog; path = Assets.xcassets; sourceTree = "<group>"; };
		2D6439EE1B6D26E600C66216 /* Info.plist */ = {isa = PBXFileReference; lastKnownFileType = text.plist.xml; path = Info.plist; sourceTree = "<group>"; };
		2D6439F31B6D26E600C66216 /* MeeterTests.xctest */ = {isa = PBXFileReference; explicitFileType = wrapper.cfbundle; includeInIndex = 0; path = MeeterTests.xctest; sourceTree = BUILT_PRODUCTS_DIR; };
		2D6439F71B6D26E600C66216 /* MeeterTests.swift */ = {isa = PBXFileReference; lastKnownFileType = sourcecode.swift; path = MeeterTests.swift; sourceTree = "<group>"; };
		2D6439F91B6D26E600C66216 /* Info.plist */ = {isa = PBXFileReference; lastKnownFileType = text.plist.xml; path = Info.plist; sourceTree = "<group>"; };
		2D643A0B1B6D2B9800C66216 /* AppDelegate.swift */ = {isa = PBXFileReference; fileEncoding = 4; lastKnownFileType = sourcecode.swift; path = AppDelegate.swift; sourceTree = "<group>"; };
		6D3B08C2EF0AF48F4D47C66E /* Pods.release.xcconfig */ = {isa = PBXFileReference; includeInIndex = 1; lastKnownFileType = text.xcconfig; name = Pods.release.xcconfig; path = "Pods/Target Support Files/Pods/Pods.release.xcconfig"; sourceTree = "<group>"; };
		ABA8A8818906D0369BF0CA0A /* libPods.a */ = {isa = PBXFileReference; explicitFileType = archive.ar; includeInIndex = 0; path = libPods.a; sourceTree = BUILT_PRODUCTS_DIR; };
		B5B839B580ED5E5DBD7E88BE /* Pods.debug.xcconfig */ = {isa = PBXFileReference; includeInIndex = 1; lastKnownFileType = text.xcconfig; name = Pods.debug.xcconfig; path = "Pods/Target Support Files/Pods/Pods.debug.xcconfig"; sourceTree = "<group>"; };
		B972F07B1B6D305300696DCC /* Main.Storyboard */ = {isa = PBXFileReference; fileEncoding = 4; lastKnownFileType = file.storyboard; path = Main.Storyboard; sourceTree = "<group>"; };
		B972F07D1B6D344800696DCC /* LoginViewController.swift */ = {isa = PBXFileReference; fileEncoding = 4; lastKnownFileType = sourcecode.swift; path = LoginViewController.swift; sourceTree = "<group>"; };
		B972F0831B6D4A0E00696DCC /* LoginViewModel.swift */ = {isa = PBXFileReference; fileEncoding = 4; lastKnownFileType = sourcecode.swift; path = LoginViewModel.swift; sourceTree = "<group>"; };
		B972F0851B6D5FE100696DCC /* Meeter-Bridging-Header.h */ = {isa = PBXFileReference; lastKnownFileType = sourcecode.c.h; path = "Meeter-Bridging-Header.h"; sourceTree = "<group>"; };
		B972F0881B6D7FB200696DCC /* User.swift */ = {isa = PBXFileReference; fileEncoding = 4; lastKnownFileType = sourcecode.swift; path = User.swift; sourceTree = "<group>"; };
		B9F166EC1B6D92C0005DB5AA /* FacebookRepository.swift */ = {isa = PBXFileReference; fileEncoding = 4; lastKnownFileType = sourcecode.swift; path = FacebookRepository.swift; sourceTree = "<group>"; };
		B9F166EE1B6DA092005DB5AA /* LoginRepository.swift */ = {isa = PBXFileReference; fileEncoding = 4; lastKnownFileType = sourcecode.swift; path = LoginRepository.swift; sourceTree = "<group>"; };
		F4ADD71B1B6D41E1003F423C /* ParseService.swift */ = {isa = PBXFileReference; fileEncoding = 4; lastKnownFileType = sourcecode.swift; name = ParseService.swift; path = Meeter/Servicies/ParseService.swift; sourceTree = "<group>"; };
		F4ADD71D1B6D4EBA003F423C /* AudioToolbox.framework */ = {isa = PBXFileReference; lastKnownFileType = wrapper.framework; name = AudioToolbox.framework; path = System/Library/Frameworks/AudioToolbox.framework; sourceTree = SDKROOT; };
		F4ADD71F1B6D4EC5003F423C /* CFNetwork.framework */ = {isa = PBXFileReference; lastKnownFileType = wrapper.framework; name = CFNetwork.framework; path = System/Library/Frameworks/CFNetwork.framework; sourceTree = SDKROOT; };
		F4ADD7211B6D4ECC003F423C /* CoreGraphics.framework */ = {isa = PBXFileReference; lastKnownFileType = wrapper.framework; name = CoreGraphics.framework; path = System/Library/Frameworks/CoreGraphics.framework; sourceTree = SDKROOT; };
		F4ADD7231B6D4ED5003F423C /* CoreLocation.framework */ = {isa = PBXFileReference; lastKnownFileType = wrapper.framework; name = CoreLocation.framework; path = System/Library/Frameworks/CoreLocation.framework; sourceTree = SDKROOT; };
		F4ADD7251B6D4EE4003F423C /* QuartzCore.framework */ = {isa = PBXFileReference; lastKnownFileType = wrapper.framework; name = QuartzCore.framework; path = System/Library/Frameworks/QuartzCore.framework; sourceTree = SDKROOT; };
		F4ADD7271B6D4F14003F423C /* Security.framework */ = {isa = PBXFileReference; lastKnownFileType = wrapper.framework; name = Security.framework; path = System/Library/Frameworks/Security.framework; sourceTree = SDKROOT; };
		F4ADD7291B6D4F1C003F423C /* StoreKit.framework */ = {isa = PBXFileReference; lastKnownFileType = wrapper.framework; name = StoreKit.framework; path = System/Library/Frameworks/StoreKit.framework; sourceTree = SDKROOT; };
		F4ADD72B1B6D4F2B003F423C /* SystemConfiguration.framework */ = {isa = PBXFileReference; lastKnownFileType = wrapper.framework; name = SystemConfiguration.framework; path = System/Library/Frameworks/SystemConfiguration.framework; sourceTree = SDKROOT; };
		F4ADD72D1B6D4F50003F423C /* libsqlite3.tbd */ = {isa = PBXFileReference; lastKnownFileType = "sourcecode.text-based-dylib-definition"; name = libsqlite3.tbd; path = usr/lib/libsqlite3.tbd; sourceTree = SDKROOT; };
		F4ADD72F1B6D4F5A003F423C /* libz.tbd */ = {isa = PBXFileReference; lastKnownFileType = "sourcecode.text-based-dylib-definition"; name = libz.tbd; path = usr/lib/libz.tbd; sourceTree = SDKROOT; };
		F4ADD7311B6D4F64003F423C /* Accounts.framework */ = {isa = PBXFileReference; lastKnownFileType = wrapper.framework; name = Accounts.framework; path = System/Library/Frameworks/Accounts.framework; sourceTree = SDKROOT; };
		F4ADD7331B6D4F6B003F423C /* Social.framework */ = {isa = PBXFileReference; lastKnownFileType = wrapper.framework; name = Social.framework; path = System/Library/Frameworks/Social.framework; sourceTree = SDKROOT; };
/* End PBXFileReference section */

/* Begin PBXFrameworksBuildPhase section */
		2D6439DC1B6D26E600C66216 /* Frameworks */ = {
			isa = PBXFrameworksBuildPhase;
			buildActionMask = 2147483647;
			files = (
				F4ADD7341B6D4F6B003F423C /* Social.framework in Frameworks */,
				F4ADD7321B6D4F64003F423C /* Accounts.framework in Frameworks */,
				F4ADD7301B6D4F5A003F423C /* libz.tbd in Frameworks */,
				F4ADD72E1B6D4F50003F423C /* libsqlite3.tbd in Frameworks */,
				F4ADD72C1B6D4F2B003F423C /* SystemConfiguration.framework in Frameworks */,
				F4ADD72A1B6D4F1C003F423C /* StoreKit.framework in Frameworks */,
				F4ADD7281B6D4F14003F423C /* Security.framework in Frameworks */,
				F4ADD7261B6D4EE4003F423C /* QuartzCore.framework in Frameworks */,
				F4ADD7241B6D4ED5003F423C /* CoreLocation.framework in Frameworks */,
				F4ADD7221B6D4ECC003F423C /* CoreGraphics.framework in Frameworks */,
				F4ADD7201B6D4EC5003F423C /* CFNetwork.framework in Frameworks */,
				F4ADD71E1B6D4EBA003F423C /* AudioToolbox.framework in Frameworks */,
				74D20E4E731F6235E4423713 /* (null) in Frameworks */,
				180ED85B5E8A7DBFCA2138ED /* libPods.a in Frameworks */,
			);
			runOnlyForDeploymentPostprocessing = 0;
		};
		2D6439F01B6D26E600C66216 /* Frameworks */ = {
			isa = PBXFrameworksBuildPhase;
			buildActionMask = 2147483647;
			files = (
			);
			runOnlyForDeploymentPostprocessing = 0;
		};
/* End PBXFrameworksBuildPhase section */

/* Begin PBXGroup section */
		2D6439D61B6D26E600C66216 = {
			isa = PBXGroup;
			children = (
				F4ADD71A1B6D41B3003F423C /* Servicies */,
				2D643A0A1B6D2B9800C66216 /* AppDelegate */,
				2D643A021B6D2B1300C66216 /* FoundationCategories */,
				2D643A031B6D2B1900C66216 /* UIKitCategories */,
				2D643A081B6D2B8100C66216 /* Models */,
				2D643A091B6D2B8E00C66216 /* Repositories */,
				2D643A041B6D2B2800C66216 /* Views */,
				2D643A071B6D2B6700C66216 /* Storyboards */,
				2D643A051B6D2B2D00C66216 /* ViewModels */,
				2D643A061B6D2B3500C66216 /* ViewControllers */,
				2D6439E11B6D26E600C66216 /* Meeter */,
				2D6439F61B6D26E600C66216 /* MeeterTests */,
				2D6439E01B6D26E600C66216 /* Products */,
				73B672E2E10CD4A3AAE1091C /* Pods */,
				4D316F1EA89127B6A8366C71 /* Frameworks */,
			);
			sourceTree = "<group>";
		};
		2D6439E01B6D26E600C66216 /* Products */ = {
			isa = PBXGroup;
			children = (
				2D6439DF1B6D26E600C66216 /* Together.app */,
				2D6439F31B6D26E600C66216 /* MeeterTests.xctest */,
			);
			name = Products;
			sourceTree = "<group>";
		};
		2D6439E11B6D26E600C66216 /* Meeter */ = {
			isa = PBXGroup;
			children = (
				2D6439E91B6D26E600C66216 /* Assets.xcassets */,
				2D6439EE1B6D26E600C66216 /* Info.plist */,
				B972F0851B6D5FE100696DCC /* Meeter-Bridging-Header.h */,
				2D542D881B6E1F1700B5AA8A /* Localizable.strings */,
			);
			path = Meeter;
			sourceTree = "<group>";
		};
		2D6439F61B6D26E600C66216 /* MeeterTests */ = {
			isa = PBXGroup;
			children = (
				2D6439F71B6D26E600C66216 /* MeeterTests.swift */,
				2D6439F91B6D26E600C66216 /* Info.plist */,
			);
			path = MeeterTests;
			sourceTree = "<group>";
		};
		2D643A021B6D2B1300C66216 /* FoundationCategories */ = {
			isa = PBXGroup;
			children = (
			);
			name = FoundationCategories;
			path = Meeter/FoundationCategories;
			sourceTree = "<group>";
		};
		2D643A031B6D2B1900C66216 /* UIKitCategories */ = {
			isa = PBXGroup;
			children = (
			);
			name = UIKitCategories;
			path = Meeter/FoundationCategories/UIKitCategories;
			sourceTree = "<group>";
		};
		2D643A041B6D2B2800C66216 /* Views */ = {
			isa = PBXGroup;
			children = (
			);
			name = Views;
			path = Meeter/Views;
			sourceTree = "<group>";
		};
		2D643A051B6D2B2D00C66216 /* ViewModels */ = {
			isa = PBXGroup;
			children = (
				2D542D7A1B6E165600B5AA8A /* MarkerViewModel.swift */,
				2D542D7C1B6E165B00B5AA8A /* MapViewModel.swift */,
				B972F0831B6D4A0E00696DCC /* LoginViewModel.swift */,
				2D542D861B6E1C6D00B5AA8A /* UserViewModel.swift */,
			);
			name = ViewModels;
			path = Meeter/ViewModels;
			sourceTree = "<group>";
		};
		2D643A061B6D2B3500C66216 /* ViewControllers */ = {
			isa = PBXGroup;
			children = (
				B972F07D1B6D344800696DCC /* LoginViewController.swift */,
				2D542D7E1B6E166200B5AA8A /* MapViewController.swift */,
			);
			name = ViewControllers;
			path = Meeter/ViewControllers;
			sourceTree = "<group>";
		};
		2D643A071B6D2B6700C66216 /* Storyboards */ = {
			isa = PBXGroup;
			children = (
				B972F07B1B6D305300696DCC /* Main.Storyboard */,
			);
			name = Storyboards;
			path = Meeter/Storyboards;
			sourceTree = "<group>";
		};
		2D643A081B6D2B8100C66216 /* Models */ = {
			isa = PBXGroup;
			children = (
				B972F0881B6D7FB200696DCC /* User.swift */,
			);
			name = Models;
			path = Meeter/Models;
			sourceTree = "<group>";
		};
		2D643A091B6D2B8E00C66216 /* Repositories */ = {
			isa = PBXGroup;
			children = (
				B9F166EC1B6D92C0005DB5AA /* FacebookRepository.swift */,
				B9F166EE1B6DA092005DB5AA /* LoginRepository.swift */,
				2D542D801B6E166E00B5AA8A /* MapRepository.swift */,
				2D542D811B6E166E00B5AA8A /* Repository.swift */,
			);
			name = Repositories;
			path = Meeter/Repositories;
			sourceTree = "<group>";
		};
		2D643A0A1B6D2B9800C66216 /* AppDelegate */ = {
			isa = PBXGroup;
			children = (
				2D643A0B1B6D2B9800C66216 /* AppDelegate.swift */,
			);
			name = AppDelegate;
			path = Meeter/AppDelegate;
			sourceTree = "<group>";
		};
		4D316F1EA89127B6A8366C71 /* Frameworks */ = {
			isa = PBXGroup;
			children = (
				ABA8A8818906D0369BF0CA0A /* libPods.a */,
			);
			name = Frameworks;
			sourceTree = "<group>";
		};
		73B672E2E10CD4A3AAE1091C /* Pods */ = {
			isa = PBXGroup;
			children = (
				B5B839B580ED5E5DBD7E88BE /* Pods.debug.xcconfig */,
				6D3B08C2EF0AF48F4D47C66E /* Pods.release.xcconfig */,
			);
			name = Pods;
			sourceTree = "<group>";
		};
		F4ADD71A1B6D41B3003F423C /* Servicies */ = {
			isa = PBXGroup;
			children = (
				F4ADD71B1B6D41E1003F423C /* ParseService.swift */,
			);
			name = Servicies;
			sourceTree = "<group>";
		};
/* End PBXGroup section */

/* Begin PBXNativeTarget section */
		2D6439DE1B6D26E600C66216 /* Together */ = {
			isa = PBXNativeTarget;
			buildConfigurationList = 2D6439FC1B6D26E600C66216 /* Build configuration list for PBXNativeTarget "Together" */;
			buildPhases = (
				14FD1995A84EFAF01B4928E5 /* Check Pods Manifest.lock */,
				2D6439DB1B6D26E600C66216 /* Sources */,
				2D6439DC1B6D26E600C66216 /* Frameworks */,
				2D6439DD1B6D26E600C66216 /* Resources */,
				6F95D7E9A317751B6AC6EC5B /* Copy Pods Resources */,
			);
			buildRules = (
			);
			dependencies = (
			);
			name = Together;
			productName = Meeter;
			productReference = 2D6439DF1B6D26E600C66216 /* Together.app */;
			productType = "com.apple.product-type.application";
		};
		2D6439F21B6D26E600C66216 /* MeeterTests */ = {
			isa = PBXNativeTarget;
			buildConfigurationList = 2D6439FF1B6D26E600C66216 /* Build configuration list for PBXNativeTarget "MeeterTests" */;
			buildPhases = (
				2D6439EF1B6D26E600C66216 /* Sources */,
				2D6439F01B6D26E600C66216 /* Frameworks */,
				2D6439F11B6D26E600C66216 /* Resources */,
			);
			buildRules = (
			);
			dependencies = (
				2D6439F51B6D26E600C66216 /* PBXTargetDependency */,
			);
			name = MeeterTests;
			productName = MeeterTests;
			productReference = 2D6439F31B6D26E600C66216 /* MeeterTests.xctest */;
			productType = "com.apple.product-type.bundle.unit-test";
		};
/* End PBXNativeTarget section */

/* Begin PBXProject section */
		2D6439D71B6D26E600C66216 /* Project object */ = {
			isa = PBXProject;
			attributes = {
				LastSwiftUpdateCheck = 0700;
				LastUpgradeCheck = 0700;
				ORGANIZATIONNAME = Meeter;
				TargetAttributes = {
					2D6439DE1B6D26E600C66216 = {
						CreatedOnToolsVersion = 7.0;
						DevelopmentTeam = 7XS5GQGS29;
					};
					2D6439F21B6D26E600C66216 = {
						CreatedOnToolsVersion = 7.0;
						TestTargetID = 2D6439DE1B6D26E600C66216;
					};
				};
			};
			buildConfigurationList = 2D6439DA1B6D26E600C66216 /* Build configuration list for PBXProject "Meeter" */;
			compatibilityVersion = "Xcode 3.2";
			developmentRegion = English;
			hasScannedForEncodings = 0;
			knownRegions = (
				en,
				Base,
			);
			mainGroup = 2D6439D61B6D26E600C66216;
			productRefGroup = 2D6439E01B6D26E600C66216 /* Products */;
			projectDirPath = "";
			projectRoot = "";
			targets = (
				2D6439DE1B6D26E600C66216 /* Together */,
				2D6439F21B6D26E600C66216 /* MeeterTests */,
			);
		};
/* End PBXProject section */

/* Begin PBXResourcesBuildPhase section */
		2D6439DD1B6D26E600C66216 /* Resources */ = {
			isa = PBXResourcesBuildPhase;
			buildActionMask = 2147483647;
			files = (
				B972F07C1B6D305300696DCC /* Main.Storyboard in Resources */,
				2D542D891B6E1F1700B5AA8A /* Localizable.strings in Resources */,
				2D6439EA1B6D26E600C66216 /* Assets.xcassets in Resources */,
			);
			runOnlyForDeploymentPostprocessing = 0;
		};
		2D6439F11B6D26E600C66216 /* Resources */ = {
			isa = PBXResourcesBuildPhase;
			buildActionMask = 2147483647;
			files = (
			);
			runOnlyForDeploymentPostprocessing = 0;
		};
/* End PBXResourcesBuildPhase section */

/* Begin PBXShellScriptBuildPhase section */
		14FD1995A84EFAF01B4928E5 /* Check Pods Manifest.lock */ = {
			isa = PBXShellScriptBuildPhase;
			buildActionMask = 2147483647;
			files = (
			);
			inputPaths = (
			);
			name = "Check Pods Manifest.lock";
			outputPaths = (
			);
			runOnlyForDeploymentPostprocessing = 0;
			shellPath = /bin/sh;
			shellScript = "diff \"${PODS_ROOT}/../Podfile.lock\" \"${PODS_ROOT}/Manifest.lock\" > /dev/null\nif [[ $? != 0 ]] ; then\n    cat << EOM\nerror: The sandbox is not in sync with the Podfile.lock. Run 'pod install' or update your CocoaPods installation.\nEOM\n    exit 1\nfi\n";
			showEnvVarsInLog = 0;
		};
		6F95D7E9A317751B6AC6EC5B /* Copy Pods Resources */ = {
			isa = PBXShellScriptBuildPhase;
			buildActionMask = 2147483647;
			files = (
			);
			inputPaths = (
			);
			name = "Copy Pods Resources";
			outputPaths = (
			);
			runOnlyForDeploymentPostprocessing = 0;
			shellPath = /bin/sh;
			shellScript = "\"${SRCROOT}/Pods/Target Support Files/Pods/Pods-resources.sh\"\n";
			showEnvVarsInLog = 0;
		};
/* End PBXShellScriptBuildPhase section */

/* Begin PBXSourcesBuildPhase section */
		2D6439DB1B6D26E600C66216 /* Sources */ = {
			isa = PBXSourcesBuildPhase;
			buildActionMask = 2147483647;
			files = (
				2D542D821B6E166E00B5AA8A /* MapRepository.swift in Sources */,
				B9F166ED1B6D92C0005DB5AA /* FacebookRepository.swift in Sources */,
				B972F07E1B6D344800696DCC /* LoginViewController.swift in Sources */,
				2D643A0C1B6D2B9800C66216 /* AppDelegate.swift in Sources */,
				2D542D7F1B6E166200B5AA8A /* MapViewController.swift in Sources */,
				F4ADD71C1B6D41E1003F423C /* ParseService.swift in Sources */,
				B972F0891B6D7FB200696DCC /* User.swift in Sources */,
				B972F0841B6D4A0E00696DCC /* LoginViewModel.swift in Sources */,
				2D542D7B1B6E165600B5AA8A /* MarkerViewModel.swift in Sources */,
				2D542D871B6E1C6D00B5AA8A /* UserViewModel.swift in Sources */,
				B9F166EF1B6DA092005DB5AA /* LoginRepository.swift in Sources */,
				2D542D7D1B6E165B00B5AA8A /* MapViewModel.swift in Sources */,
				2D542D831B6E166E00B5AA8A /* Repository.swift in Sources */,
			);
			runOnlyForDeploymentPostprocessing = 0;
		};
		2D6439EF1B6D26E600C66216 /* Sources */ = {
			isa = PBXSourcesBuildPhase;
			buildActionMask = 2147483647;
			files = (
				2D6439F81B6D26E600C66216 /* MeeterTests.swift in Sources */,
			);
			runOnlyForDeploymentPostprocessing = 0;
		};
/* End PBXSourcesBuildPhase section */

/* Begin PBXTargetDependency section */
		2D6439F51B6D26E600C66216 /* PBXTargetDependency */ = {
			isa = PBXTargetDependency;
			target = 2D6439DE1B6D26E600C66216 /* Together */;
			targetProxy = 2D6439F41B6D26E600C66216 /* PBXContainerItemProxy */;
		};
/* End PBXTargetDependency section */

/* Begin XCBuildConfiguration section */
		2D6439FA1B6D26E600C66216 /* Debug */ = {
			isa = XCBuildConfiguration;
			buildSettings = {
				ALWAYS_SEARCH_USER_PATHS = NO;
				CLANG_CXX_LANGUAGE_STANDARD = "gnu++0x";
				CLANG_CXX_LIBRARY = "libc++";
				CLANG_ENABLE_MODULES = YES;
				CLANG_ENABLE_OBJC_ARC = YES;
				CLANG_WARN_BOOL_CONVERSION = YES;
				CLANG_WARN_CONSTANT_CONVERSION = YES;
				CLANG_WARN_DIRECT_OBJC_ISA_USAGE = YES_ERROR;
				CLANG_WARN_EMPTY_BODY = YES;
				CLANG_WARN_ENUM_CONVERSION = YES;
				CLANG_WARN_INT_CONVERSION = YES;
				CLANG_WARN_OBJC_ROOT_CLASS = YES_ERROR;
				CLANG_WARN_UNREACHABLE_CODE = YES;
				CLANG_WARN__DUPLICATE_METHOD_MATCH = YES;
				"CODE_SIGN_IDENTITY[sdk=iphoneos*]" = "iPhone Developer";
				COPY_PHASE_STRIP = NO;
				DEBUG_INFORMATION_FORMAT = dwarf;
				ENABLE_BITCODE = NO;
				ENABLE_STRICT_OBJC_MSGSEND = YES;
				ENABLE_TESTABILITY = YES;
				GCC_C_LANGUAGE_STANDARD = gnu99;
				GCC_DYNAMIC_NO_PIC = NO;
				GCC_NO_COMMON_BLOCKS = YES;
				GCC_OPTIMIZATION_LEVEL = 0;
				GCC_PREPROCESSOR_DEFINITIONS = (
					"DEBUG=1",
					"$(inherited)",
				);
				GCC_WARN_64_TO_32_BIT_CONVERSION = YES;
				GCC_WARN_ABOUT_RETURN_TYPE = YES_ERROR;
				GCC_WARN_UNDECLARED_SELECTOR = YES;
				GCC_WARN_UNINITIALIZED_AUTOS = YES_AGGRESSIVE;
				GCC_WARN_UNUSED_FUNCTION = YES;
				GCC_WARN_UNUSED_VARIABLE = YES;
				IPHONEOS_DEPLOYMENT_TARGET = 8.4;
				MTL_ENABLE_DEBUG_INFO = YES;
				ONLY_ACTIVE_ARCH = YES;
				SDKROOT = iphoneos;
				SWIFT_OPTIMIZATION_LEVEL = "-Onone";
			};
			name = Debug;
		};
		2D6439FB1B6D26E600C66216 /* Release */ = {
			isa = XCBuildConfiguration;
			buildSettings = {
				ALWAYS_SEARCH_USER_PATHS = NO;
				CLANG_CXX_LANGUAGE_STANDARD = "gnu++0x";
				CLANG_CXX_LIBRARY = "libc++";
				CLANG_ENABLE_MODULES = YES;
				CLANG_ENABLE_OBJC_ARC = YES;
				CLANG_WARN_BOOL_CONVERSION = YES;
				CLANG_WARN_CONSTANT_CONVERSION = YES;
				CLANG_WARN_DIRECT_OBJC_ISA_USAGE = YES_ERROR;
				CLANG_WARN_EMPTY_BODY = YES;
				CLANG_WARN_ENUM_CONVERSION = YES;
				CLANG_WARN_INT_CONVERSION = YES;
				CLANG_WARN_OBJC_ROOT_CLASS = YES_ERROR;
				CLANG_WARN_UNREACHABLE_CODE = YES;
				CLANG_WARN__DUPLICATE_METHOD_MATCH = YES;
				"CODE_SIGN_IDENTITY[sdk=iphoneos*]" = "iPhone Developer";
				COPY_PHASE_STRIP = NO;
				DEBUG_INFORMATION_FORMAT = "dwarf-with-dsym";
				ENABLE_BITCODE = NO;
				ENABLE_NS_ASSERTIONS = NO;
				ENABLE_STRICT_OBJC_MSGSEND = YES;
				GCC_C_LANGUAGE_STANDARD = gnu99;
				GCC_NO_COMMON_BLOCKS = YES;
				GCC_WARN_64_TO_32_BIT_CONVERSION = YES;
				GCC_WARN_ABOUT_RETURN_TYPE = YES_ERROR;
				GCC_WARN_UNDECLARED_SELECTOR = YES;
				GCC_WARN_UNINITIALIZED_AUTOS = YES_AGGRESSIVE;
				GCC_WARN_UNUSED_FUNCTION = YES;
				GCC_WARN_UNUSED_VARIABLE = YES;
				IPHONEOS_DEPLOYMENT_TARGET = 8.4;
				MTL_ENABLE_DEBUG_INFO = NO;
				SDKROOT = iphoneos;
				VALIDATE_PRODUCT = YES;
			};
			name = Release;
		};
		2D6439FD1B6D26E600C66216 /* Debug */ = {
			isa = XCBuildConfiguration;
			baseConfigurationReference = B5B839B580ED5E5DBD7E88BE /* Pods.debug.xcconfig */;
			buildSettings = {
				ASSETCATALOG_COMPILER_APPICON_NAME = AppIcon;
				ASSETCATALOG_COMPILER_LAUNCHIMAGE_NAME = LaunchImage;
				CLANG_ENABLE_MODULES = YES;
				ENABLE_BITCODE = NO;
				INFOPLIST_FILE = Meeter/Info.plist;
				IPHONEOS_DEPLOYMENT_TARGET = 8.1;
				LD_RUNPATH_SEARCH_PATHS = "$(inherited) @executable_path/Frameworks";
				PRODUCT_BUNDLE_IDENTIFIER = com.meeter.Meeter;
				PRODUCT_NAME = "$(TARGET_NAME)";
				SWIFT_OBJC_BRIDGING_HEADER = "Meeter/Meeter-Bridging-Header.h";
				SWIFT_OPTIMIZATION_LEVEL = "-Onone";
			};
			name = Debug;
		};
		2D6439FE1B6D26E600C66216 /* Release */ = {
			isa = XCBuildConfiguration;
			baseConfigurationReference = 6D3B08C2EF0AF48F4D47C66E /* Pods.release.xcconfig */;
			buildSettings = {
				ASSETCATALOG_COMPILER_APPICON_NAME = AppIcon;
				ASSETCATALOG_COMPILER_LAUNCHIMAGE_NAME = LaunchImage;
				CLANG_ENABLE_MODULES = YES;
				ENABLE_BITCODE = NO;
				INFOPLIST_FILE = Meeter/Info.plist;
				IPHONEOS_DEPLOYMENT_TARGET = 8.1;
				LD_RUNPATH_SEARCH_PATHS = "$(inherited) @executable_path/Frameworks";
				PRODUCT_BUNDLE_IDENTIFIER = com.meeter.Meeter;
				PRODUCT_NAME = "$(TARGET_NAME)";
				SWIFT_OBJC_BRIDGING_HEADER = "Meeter/Meeter-Bridging-Header.h";
			};
			name = Release;
		};
		2D643A001B6D26E600C66216 /* Debug */ = {
			isa = XCBuildConfiguration;
			buildSettings = {
				BUNDLE_LOADER = "$(TEST_HOST)";
				INFOPLIST_FILE = MeeterTests/Info.plist;
				LD_RUNPATH_SEARCH_PATHS = "$(inherited) @executable_path/Frameworks @loader_path/Frameworks";
				PRODUCT_BUNDLE_IDENTIFIER = com.meeter.MeeterTests;
				PRODUCT_NAME = "$(TARGET_NAME)";
				TEST_HOST = "$(BUILT_PRODUCTS_DIR)/Meeter.app/Meeter";
			};
			name = Debug;
		};
		2D643A011B6D26E600C66216 /* Release */ = {
			isa = XCBuildConfiguration;
			buildSettings = {
				BUNDLE_LOADER = "$(TEST_HOST)";
				INFOPLIST_FILE = MeeterTests/Info.plist;
				LD_RUNPATH_SEARCH_PATHS = "$(inherited) @executable_path/Frameworks @loader_path/Frameworks";
				PRODUCT_BUNDLE_IDENTIFIER = com.meeter.MeeterTests;
				PRODUCT_NAME = "$(TARGET_NAME)";
				TEST_HOST = "$(BUILT_PRODUCTS_DIR)/Meeter.app/Meeter";
			};
			name = Release;
		};
/* End XCBuildConfiguration section */

/* Begin XCConfigurationList section */
		2D6439DA1B6D26E600C66216 /* Build configuration list for PBXProject "Meeter" */ = {
			isa = XCConfigurationList;
			buildConfigurations = (
				2D6439FA1B6D26E600C66216 /* Debug */,
				2D6439FB1B6D26E600C66216 /* Release */,
			);
			defaultConfigurationIsVisible = 0;
			defaultConfigurationName = Release;
		};
		2D6439FC1B6D26E600C66216 /* Build configuration list for PBXNativeTarget "Together" */ = {
			isa = XCConfigurationList;
			buildConfigurations = (
				2D6439FD1B6D26E600C66216 /* Debug */,
				2D6439FE1B6D26E600C66216 /* Release */,
			);
			defaultConfigurationIsVisible = 0;
			defaultConfigurationName = Release;
		};
		2D6439FF1B6D26E600C66216 /* Build configuration list for PBXNativeTarget "MeeterTests" */ = {
			isa = XCConfigurationList;
			buildConfigurations = (
				2D643A001B6D26E600C66216 /* Debug */,
				2D643A011B6D26E600C66216 /* Release */,
			);
			defaultConfigurationIsVisible = 0;
			defaultConfigurationName = Release;
		};
/* End XCConfigurationList section */
	};
	rootObject = 2D6439D71B6D26E600C66216 /* Project object */;
}
